
Microsoft Visual Studio Solution File, Format Version 12.00
# Visual Studio Version 17
VisualStudioVersion = 17.2.32630.192
MinimumVisualStudioVersion = 10.0.40219.1
Project("{9A19103F-16F7-4668-BE54-9A1E7A4F7556}") = "D8S.Z0009", "D8S.Z0009\D8S.Z0009.csproj", "{DE7DEFEC-2BDB-4E53-B513-4AB1E50730B5}"
EndProject
Project("{9A19103F-16F7-4668-BE54-9A1E7A4F7556}") = "D8S.Z0009.Z000", "D8S.Z0009.Z000\D8S.Z0009.Z000.csproj", "{032C555A-28F3-4E53-89A5-82FD5E262AB2}"
EndProject
Project("{2150E333-8FDC-42A3-9474-1A3956D46DE8}") = "_Dependencies", "_Dependencies", "{9A0F176C-AD5F-43F7-BE34-DE4782931D25}"
EndProject
Project("{9A19103F-16F7-4668-BE54-9A1E7A4F7556}") = "R5T.F0000", "..\..\..\SafetyCone\R5T.F0000\source\R5T.F0000\R5T.F0000.csproj", "{55436BF7-1280-4BBA-A517-B12F4A20C7D5}"
EndProject
Project("{9A19103F-16F7-4668-BE54-9A1E7A4F7556}") = "R5T.F0002", "..\..\..\SafetyCone\R5T.F0002\source\R5T.F0002\R5T.F0002.csproj", "{91AE6D78-7D04-4E85-B2F2-43B866D98519}"
EndProject
Project("{9A19103F-16F7-4668-BE54-9A1E7A4F7556}") = "R5T.F0059", "..\..\..\SafetyCone\R5T.F0059\source\R5T.F0059\R5T.F0059.csproj", "{36EC0278-2C1E-4FFE-AF2B-3B2D67C924A2}"
EndProject
Project("{9A19103F-16F7-4668-BE54-9A1E7A4F7556}") = "R5T.F0120", "..\..\..\SafetyCone\R5T.F0120\source\R5T.F0120\R5T.F0120.csproj", "{18804E71-4977-4AB0-A5C0-29034ABE050F}"
EndProject
Project("{9A19103F-16F7-4668-BE54-9A1E7A4F7556}") = "R5T.F0124", "..\..\..\SafetyCone\R5T.F0124\source\R5T.F0124\R5T.F0124.csproj", "{13D1FB3E-FDCD-427C-B2F5-B343E85A4CD4}"
EndProject
Project("{9A19103F-16F7-4668-BE54-9A1E7A4F7556}") = "R5T.F0125", "..\..\..\SafetyCone\R5T.F0125\source\R5T.F0125\R5T.F0125.csproj", "{627272C7-FDCD-4430-80E7-FF0DC3CD9FAB}"
EndProject
Project("{9A19103F-16F7-4668-BE54-9A1E7A4F7556}") = "R5T.L0030.T000", "..\..\..\SafetyCone\R5T.L0030\source\R5T.L0030.T000\R5T.L0030.T000.csproj", "{B2872A74-BDF1-4AE5-8C53-4A9574C87D44}"
EndProject
Project("{9A19103F-16F7-4668-BE54-9A1E7A4F7556}") = "R5T.L0030", "..\..\..\SafetyCone\R5T.L0030\source\R5T.L0030\R5T.L0030.csproj", "{FF45A1BC-9FE5-4CAF-A949-2C4A14D45013}"
EndProject
Project("{9A19103F-16F7-4668-BE54-9A1E7A4F7556}") = "R5T.L0034", "..\..\..\SafetyCone\R5T.L0034\source\R5T.L0034\R5T.L0034.csproj", "{B75C8F43-A9A8-447E-8E2F-A841BCB5B788}"
EndProject
Project("{9A19103F-16F7-4668-BE54-9A1E7A4F7556}") = "R5T.L0035", "..\..\..\SafetyCone\R5T.L0035\source\R5T.L0035\R5T.L0035.csproj", "{E62625E9-5175-48B4-8857-3B0EE804C944}"
EndProject
Project("{9A19103F-16F7-4668-BE54-9A1E7A4F7556}") = "R5T.L0053", "..\..\..\SafetyCone\R5T.L0053\source\R5T.L0053\R5T.L0053.csproj", "{DDB83DA5-5312-413A-B109-E0AABD4B661E}"
EndProject
Project("{9A19103F-16F7-4668-BE54-9A1E7A4F7556}") = "R5T.L0056", "..\..\..\SafetyCone\R5T.L0056\source\R5T.L0056\R5T.L0056.csproj", "{7C2BDB15-B1ED-4B10-AA1C-239225FDCE12}"
EndProject
Project("{9A19103F-16F7-4668-BE54-9A1E7A4F7556}") = "R5T.L0066", "..\..\..\SafetyCone\R5T.L0066\source\R5T.L0066\R5T.L0066.csproj", "{AADF5F39-F482-4E8F-AB8C-3BECDACB31A8}"
EndProject
Project("{9A19103F-16F7-4668-BE54-9A1E7A4F7556}") = "R5T.L0071", "..\..\..\SafetyCone\R5T.L0071\source\R5T.L0071\R5T.L0071.csproj", "{17C34F1A-865F-4908-BDA6-4C62F74CDF0E}"
EndProject
Project("{9A19103F-16F7-4668-BE54-9A1E7A4F7556}") = "R5T.L0074", "..\..\..\SafetyCone\R5T.L0074\source\R5T.L0074\R5T.L0074.csproj", "{0CFE4656-B26A-448B-877D-534B2DAB4B1D}"
EndProject
Project("{9A19103F-16F7-4668-BE54-9A1E7A4F7556}") = "R5T.L0089.F000", "..\..\..\SafetyCone\R5T.L0089\source\R5T.L0089.F000\R5T.L0089.F000.csproj", "{CD626273-242A-4035-B025-355F7F33EF0E}"
EndProject
Project("{9A19103F-16F7-4668-BE54-9A1E7A4F7556}") = "R5T.L0089.T000", "..\..\..\SafetyCone\R5T.L0089\source\R5T.L0089.T000\R5T.L0089.T000.csproj", "{5A89EE97-5C77-4781-BB30-95E5784F9242}"
EndProject
Project("{9A19103F-16F7-4668-BE54-9A1E7A4F7556}") = "R5T.L0089", "..\..\..\SafetyCone\R5T.L0089\source\R5T.L0089\R5T.L0089.csproj", "{6BAFDD99-3566-484D-B535-84611BAE0A94}"
EndProject
Project("{9A19103F-16F7-4668-BE54-9A1E7A4F7556}") = "R5T.NG0006", "..\..\..\SafetyCone\R5T.NG0006\source\R5T.NG0006\R5T.NG0006.csproj", "{7BD46407-3FB3-4B84-B130-9309FF2A9F15}"
EndProject
Project("{9A19103F-16F7-4668-BE54-9A1E7A4F7556}") = "R5T.NG0022", "..\..\..\SafetyCone\R5T.NG0022\source\R5T.NG0022\R5T.NG0022.csproj", "{E73D05E3-4E0E-48C3-8BAE-5C08E6282246}"
EndProject
Project("{9A19103F-16F7-4668-BE54-9A1E7A4F7556}") = "R5T.T0131", "..\..\..\SafetyCone\R5T.T0131\source\R5T.T0131\R5T.T0131.csproj", "{EE8EFC36-8DE3-4B0F-AB1C-733A5061877C}"
EndProject
Project("{9A19103F-16F7-4668-BE54-9A1E7A4F7556}") = "R5T.T0132", "..\..\..\SafetyCone\R5T.T0132\source\R5T.T0132\R5T.T0132.csproj", "{097B3C5A-15E8-43A8-A581-B9553C04EACC}"
EndProject
Project("{9A19103F-16F7-4668-BE54-9A1E7A4F7556}") = "R5T.T0142", "..\..\..\SafetyCone\R5T.T0142\source\R5T.T0142\R5T.T0142.csproj", "{5367DBDB-CE39-4063-97E8-88ACF643C8E1}"
EndProject
Project("{9A19103F-16F7-4668-BE54-9A1E7A4F7556}") = "R5T.T0143", "..\..\..\SafetyCone\R5T.T0143\source\R5T.T0143\R5T.T0143.csproj", "{5D3156B3-5488-4716-9C2F-2029FD093E7A}"
EndProject
Project("{9A19103F-16F7-4668-BE54-9A1E7A4F7556}") = "R5T.T0150", "..\..\..\SafetyCone\R5T.T0150\source\R5T.T0150\R5T.T0150.csproj", "{2C325192-DD2C-4213-9EEE-2D90B9BCB73A}"
EndProject
Project("{9A19103F-16F7-4668-BE54-9A1E7A4F7556}") = "R5T.T0151", "..\..\..\SafetyCone\R5T.T0151\source\R5T.T0151\R5T.T0151.csproj", "{622B9DCB-041C-4C21-B427-1C1827F70C32}"
EndProject
Project("{9A19103F-16F7-4668-BE54-9A1E7A4F7556}") = "R5T.T0156", "..\..\..\SafetyCone\R5T.T0156\source\R5T.T0156\R5T.T0156.csproj", "{FE0B1B15-BDBA-4196-AA65-2C312AC6A6CB}"
EndProject
Project("{9A19103F-16F7-4668-BE54-9A1E7A4F7556}") = "R5T.T0158", "..\..\..\SafetyCone\R5T.T0158\source\R5T.T0158\R5T.T0158.csproj", "{15DC2314-9D2B-44BB-9299-83A8C479E56B}"
EndProject
Project("{9A19103F-16F7-4668-BE54-9A1E7A4F7556}") = "R5T.T0159", "..\..\..\SafetyCone\R5T.T0159\source\R5T.T0159\R5T.T0159.csproj", "{1210C15B-AB67-4440-9182-A5DFE0CB9463}"
EndProject
Project("{9A19103F-16F7-4668-BE54-9A1E7A4F7556}") = "R5T.T0172", "..\..\..\SafetyCone\R5T.T0172\source\R5T.T0172\R5T.T0172.csproj", "{5A2A865D-B7E8-4323-907E-53AF387B948C}"
EndProject
Project("{9A19103F-16F7-4668-BE54-9A1E7A4F7556}") = "R5T.T0174", "..\..\..\SafetyCone\R5T.T0174\source\R5T.T0174\R5T.T0174.csproj", "{C0AE3075-5C3E-4205-9348-1F11E219FB05}"
EndProject
Project("{9A19103F-16F7-4668-BE54-9A1E7A4F7556}") = "R5T.T0176", "..\..\..\SafetyCone\R5T.T0176\source\R5T.T0176\R5T.T0176.csproj", "{31C96995-142B-4EA3-984E-A844333C5276}"
EndProject
Project("{9A19103F-16F7-4668-BE54-9A1E7A4F7556}") = "R5T.T0177", "..\..\..\SafetyCone\R5T.T0177\source\R5T.T0177\R5T.T0177.csproj", "{48D9E068-59C5-4A51-A76D-0F8144582B47}"
EndProject
Project("{9A19103F-16F7-4668-BE54-9A1E7A4F7556}") = "R5T.T0178", "..\..\..\SafetyCone\R5T.T0178\source\R5T.T0178\R5T.T0178.csproj", "{3E645AA4-794D-4A2E-BF43-E5D705EF4063}"
EndProject
Project("{9A19103F-16F7-4668-BE54-9A1E7A4F7556}") = "R5T.T0179", "..\..\..\SafetyCone\R5T.T0179\source\R5T.T0179\R5T.T0179.csproj", "{A79B3181-682A-4733-B76F-445D92F856EE}"
EndProject
Project("{9A19103F-16F7-4668-BE54-9A1E7A4F7556}") = "R5T.T0180", "..\..\..\SafetyCone\R5T.T0180\source\R5T.T0180\R5T.T0180.csproj", "{ED634B21-1E69-43A5-90E6-0398F6E407C4}"
EndProject
Project("{9A19103F-16F7-4668-BE54-9A1E7A4F7556}") = "R5T.T0181", "..\..\..\SafetyCone\R5T.T0181\source\R5T.T0181\R5T.T0181.csproj", "{7B5246F2-DD3A-4A9D-A4CB-851CAAF65237}"
EndProject
Project("{9A19103F-16F7-4668-BE54-9A1E7A4F7556}") = "R5T.T0185", "..\..\..\SafetyCone\R5T.T0185\source\R5T.T0185\R5T.T0185.csproj", "{A7C16075-777C-46FD-AF07-60284DDDCBE4}"
EndProject
Project("{9A19103F-16F7-4668-BE54-9A1E7A4F7556}") = "R5T.T0199.T000", "..\..\..\SafetyCone\R5T.T0199\source\R5T.T0199.T000\R5T.T0199.T000.csproj", "{B75FA29B-23DC-4CF8-9B8C-AADA253F41DC}"
EndProject
Project("{9A19103F-16F7-4668-BE54-9A1E7A4F7556}") = "R5T.T0199.T001", "..\..\..\SafetyCone\R5T.T0199\source\R5T.T0199.T001\R5T.T0199.T001.csproj", "{66CA62C7-A6B6-43D1-965C-1F021B137C60}"
EndProject
Project("{9A19103F-16F7-4668-BE54-9A1E7A4F7556}") = "R5T.T0199", "..\..\..\SafetyCone\R5T.T0199\source\R5T.T0199\R5T.T0199.csproj", "{D2ED3561-505F-4217-B731-A8E78ABDFBEB}"
EndProject
Project("{9A19103F-16F7-4668-BE54-9A1E7A4F7556}") = "R5T.T0203", "..\..\..\SafetyCone\R5T.T0203\source\R5T.T0203\R5T.T0203.csproj", "{EDF175C6-F52F-4745-8A62-57F7BEBA5084}"
EndProject
Project("{9A19103F-16F7-4668-BE54-9A1E7A4F7556}") = "R5T.T0213", "..\..\..\SafetyCone\R5T.T0213\source\R5T.T0213\R5T.T0213.csproj", "{5D76360D-A23D-4202-8B94-B69318704B95}"
EndProject
Project("{9A19103F-16F7-4668-BE54-9A1E7A4F7556}") = "R5T.T0218", "..\..\..\SafetyCone\R5T.T0218\source\R5T.T0218\R5T.T0218.csproj", "{611DA632-6672-45BB-ADA9-D9A316112044}"
EndProject
Project("{9A19103F-16F7-4668-BE54-9A1E7A4F7556}") = "R5T.T0219", "..\..\..\SafetyCone\R5T.T0219\source\R5T.T0219\R5T.T0219.csproj", "{718EB74A-CE38-43A8-B713-A22ED827E2B4}"
EndProject
Project("{9A19103F-16F7-4668-BE54-9A1E7A4F7556}") = "R5T.T0220", "..\..\..\SafetyCone\R5T.T0220\source\R5T.T0220\R5T.T0220.csproj", "{B292152C-454A-42AA-B4E6-80D97EEB75C9}"
EndProject
Project("{9A19103F-16F7-4668-BE54-9A1E7A4F7556}") = "R5T.T0221", "..\..\..\SafetyCone\R5T.T0221\source\R5T.T0221\R5T.T0221.csproj", "{B5BDE4D0-BCA1-46AD-8EAA-69BCDB86F4AC}"
EndProject
Project("{9A19103F-16F7-4668-BE54-9A1E7A4F7556}") = "R5T.T0227", "..\..\..\SafetyCone\R5T.T0227\source\R5T.T0227\R5T.T0227.csproj", "{23C4B831-3F24-49E9-8665-9614878D4D14}"
EndProject
Project("{9A19103F-16F7-4668-BE54-9A1E7A4F7556}") = "R5T.T0241", "..\..\..\SafetyCone\R5T.T0241\source\R5T.T0241\R5T.T0241.csproj", "{A8ACD034-FA94-4EF6-AD8B-41704899CF0C}"
EndProject
Project("{9A19103F-16F7-4668-BE54-9A1E7A4F7556}") = "R5T.T0252", "..\..\..\SafetyCone\R5T.T0252\source\R5T.T0252\R5T.T0252.csproj", "{15035472-6B28-41F7-A5F9-9E8F1BD93E79}"
EndProject
Project("{9A19103F-16F7-4668-BE54-9A1E7A4F7556}") = "R5T.Y0000", "..\..\..\SafetyCone\R5T.Y0000\source\R5T.Y0000\R5T.Y0000.csproj", "{E9D78DCB-EE18-45E8-8733-914492637E4C}"
EndProject
Project("{9A19103F-16F7-4668-BE54-9A1E7A4F7556}") = "R5T.Y0006", "..\..\..\SafetyCone\R5T.Y0006\source\R5T.Y0006\R5T.Y0006.csproj", "{EE49202F-A469-4122-B298-CF604D3BD0F9}"
EndProject
Project("{9A19103F-16F7-4668-BE54-9A1E7A4F7556}") = "R5T.Z0000", "..\..\..\SafetyCone\R5T.Z0000\source\R5T.Z0000\R5T.Z0000.csproj", "{E388765F-6FAE-472E-AA71-146C9B7566CA}"
EndProject
Project("{9A19103F-16F7-4668-BE54-9A1E7A4F7556}") = "R5T.Z0057.Platform", "..\..\..\SafetyCone\R5T.Z0057\source\R5T.Z0057.Platform\R5T.Z0057.Platform.csproj", "{C8074539-0CF5-4ECA-9A32-12B08B747B1D}"
EndProject
Project("{9A19103F-16F7-4668-BE54-9A1E7A4F7556}") = "R5T.Z0057", "..\..\..\SafetyCone\R5T.Z0057\source\R5T.Z0057\R5T.Z0057.csproj", "{16736110-0D20-4931-B588-8BCDD0AA0167}"
EndProject
Project("{9A19103F-16F7-4668-BE54-9A1E7A4F7556}") = "R5T.Z0058", "..\..\..\SafetyCone\R5T.Z0058\source\R5T.Z0058\R5T.Z0058.csproj", "{F4555AFC-C24A-4A7F-AA6C-25197A2272FC}"
EndProject
Project("{9A19103F-16F7-4668-BE54-9A1E7A4F7556}") = "R5T.Z0072.Z000", "..\..\..\SafetyCone\R5T.Z0072\source\R5T.Z0072.Z000\R5T.Z0072.Z000.csproj", "{38A823B9-4ECF-4A04-915A-4650FE5B5CB4}"
EndProject
Project("{9A19103F-16F7-4668-BE54-9A1E7A4F7556}") = "R5T.Z0072.Z001", "..\..\..\SafetyCone\R5T.Z0072\source\R5T.Z0072.Z001\R5T.Z0072.Z001.csproj", "{040EA171-38BF-4C38-9967-88A506AD4316}"
EndProject
Project("{9A19103F-16F7-4668-BE54-9A1E7A4F7556}") = "R5T.Z0072.Z002", "..\..\..\SafetyCone\R5T.Z0072\source\R5T.Z0072.Z002\R5T.Z0072.Z002.csproj", "{ADDB85E2-1A88-4438-B53A-12481A28F2BE}"
EndProject
Project("{9A19103F-16F7-4668-BE54-9A1E7A4F7556}") = "R5T.Z0072.Z004", "..\..\..\SafetyCone\R5T.Z0072\source\R5T.Z0072.Z004\R5T.Z0072.Z004.csproj", "{47D776A8-3958-4EA0-8516-70C1EFE178A3}"
EndProject
Project("{9A19103F-16F7-4668-BE54-9A1E7A4F7556}") = "D8S.Z0009.T001", "D8S.Z0009.T001\D8S.Z0009.T001.csproj", "{148F6B0A-0E14-4870-A4D6-FC0DEC966168}"
EndProject
Global
	GlobalSection(NestedProjects) = preSolution
		{55436BF7-1280-4BBA-A517-B12F4A20C7D5} = {9A0F176C-AD5F-43F7-BE34-DE4782931D25}
		{91AE6D78-7D04-4E85-B2F2-43B866D98519} = {9A0F176C-AD5F-43F7-BE34-DE4782931D25}
		{36EC0278-2C1E-4FFE-AF2B-3B2D67C924A2} = {9A0F176C-AD5F-43F7-BE34-DE4782931D25}
		{18804E71-4977-4AB0-A5C0-29034ABE050F} = {9A0F176C-AD5F-43F7-BE34-DE4782931D25}
		{13D1FB3E-FDCD-427C-B2F5-B343E85A4CD4} = {9A0F176C-AD5F-43F7-BE34-DE4782931D25}
		{627272C7-FDCD-4430-80E7-FF0DC3CD9FAB} = {9A0F176C-AD5F-43F7-BE34-DE4782931D25}
		{B2872A74-BDF1-4AE5-8C53-4A9574C87D44} = {9A0F176C-AD5F-43F7-BE34-DE4782931D25}
		{FF45A1BC-9FE5-4CAF-A949-2C4A14D45013} = {9A0F176C-AD5F-43F7-BE34-DE4782931D25}
		{B75C8F43-A9A8-447E-8E2F-A841BCB5B788} = {9A0F176C-AD5F-43F7-BE34-DE4782931D25}
		{E62625E9-5175-48B4-8857-3B0EE804C944} = {9A0F176C-AD5F-43F7-BE34-DE4782931D25}
		{DDB83DA5-5312-413A-B109-E0AABD4B661E} = {9A0F176C-AD5F-43F7-BE34-DE4782931D25}
		{7C2BDB15-B1ED-4B10-AA1C-239225FDCE12} = {9A0F176C-AD5F-43F7-BE34-DE4782931D25}
		{AADF5F39-F482-4E8F-AB8C-3BECDACB31A8} = {9A0F176C-AD5F-43F7-BE34-DE4782931D25}
		{17C34F1A-865F-4908-BDA6-4C62F74CDF0E} = {9A0F176C-AD5F-43F7-BE34-DE4782931D25}
		{0CFE4656-B26A-448B-877D-534B2DAB4B1D} = {9A0F176C-AD5F-43F7-BE34-DE4782931D25}
		{CD626273-242A-4035-B025-355F7F33EF0E} = {9A0F176C-AD5F-43F7-BE34-DE4782931D25}
		{5A89EE97-5C77-4781-BB30-95E5784F9242} = {9A0F176C-AD5F-43F7-BE34-DE4782931D25}
		{6BAFDD99-3566-484D-B535-84611BAE0A94} = {9A0F176C-AD5F-43F7-BE34-DE4782931D25}
		{7BD46407-3FB3-4B84-B130-9309FF2A9F15} = {9A0F176C-AD5F-43F7-BE34-DE4782931D25}
		{E73D05E3-4E0E-48C3-8BAE-5C08E6282246} = {9A0F176C-AD5F-43F7-BE34-DE4782931D25}
		{EE8EFC36-8DE3-4B0F-AB1C-733A5061877C} = {9A0F176C-AD5F-43F7-BE34-DE4782931D25}
		{097B3C5A-15E8-43A8-A581-B9553C04EACC} = {9A0F176C-AD5F-43F7-BE34-DE4782931D25}
		{5367DBDB-CE39-4063-97E8-88ACF643C8E1} = {9A0F176C-AD5F-43F7-BE34-DE4782931D25}
		{5D3156B3-5488-4716-9C2F-2029FD093E7A} = {9A0F176C-AD5F-43F7-BE34-DE4782931D25}
		{2C325192-DD2C-4213-9EEE-2D90B9BCB73A} = {9A0F176C-AD5F-43F7-BE34-DE4782931D25}
		{622B9DCB-041C-4C21-B427-1C1827F70C32} = {9A0F176C-AD5F-43F7-BE34-DE4782931D25}
		{FE0B1B15-BDBA-4196-AA65-2C312AC6A6CB} = {9A0F176C-AD5F-43F7-BE34-DE4782931D25}
		{15DC2314-9D2B-44BB-9299-83A8C479E56B} = {9A0F176C-AD5F-43F7-BE34-DE4782931D25}
		{1210C15B-AB67-4440-9182-A5DFE0CB9463} = {9A0F176C-AD5F-43F7-BE34-DE4782931D25}
		{5A2A865D-B7E8-4323-907E-53AF387B948C} = {9A0F176C-AD5F-43F7-BE34-DE4782931D25}
		{C0AE3075-5C3E-4205-9348-1F11E219FB05} = {9A0F176C-AD5F-43F7-BE34-DE4782931D25}
		{31C96995-142B-4EA3-984E-A844333C5276} = {9A0F176C-AD5F-43F7-BE34-DE4782931D25}
		{48D9E068-59C5-4A51-A76D-0F8144582B47} = {9A0F176C-AD5F-43F7-BE34-DE4782931D25}
		{3E645AA4-794D-4A2E-BF43-E5D705EF4063} = {9A0F176C-AD5F-43F7-BE34-DE4782931D25}
		{A79B3181-682A-4733-B76F-445D92F856EE} = {9A0F176C-AD5F-43F7-BE34-DE4782931D25}
		{ED634B21-1E69-43A5-90E6-0398F6E407C4} = {9A0F176C-AD5F-43F7-BE34-DE4782931D25}
		{7B5246F2-DD3A-4A9D-A4CB-851CAAF65237} = {9A0F176C-AD5F-43F7-BE34-DE4782931D25}
		{A7C16075-777C-46FD-AF07-60284DDDCBE4} = {9A0F176C-AD5F-43F7-BE34-DE4782931D25}
		{B75FA29B-23DC-4CF8-9B8C-AADA253F41DC} = {9A0F176C-AD5F-43F7-BE34-DE4782931D25}
		{66CA62C7-A6B6-43D1-965C-1F021B137C60} = {9A0F176C-AD5F-43F7-BE34-DE4782931D25}
		{D2ED3561-505F-4217-B731-A8E78ABDFBEB} = {9A0F176C-AD5F-43F7-BE34-DE4782931D25}
		{EDF175C6-F52F-4745-8A62-57F7BEBA5084} = {9A0F176C-AD5F-43F7-BE34-DE4782931D25}
		{5D76360D-A23D-4202-8B94-B69318704B95} = {9A0F176C-AD5F-43F7-BE34-DE4782931D25}
		{611DA632-6672-45BB-ADA9-D9A316112044} = {9A0F176C-AD5F-43F7-BE34-DE4782931D25}
		{718EB74A-CE38-43A8-B713-A22ED827E2B4} = {9A0F176C-AD5F-43F7-BE34-DE4782931D25}
		{B292152C-454A-42AA-B4E6-80D97EEB75C9} = {9A0F176C-AD5F-43F7-BE34-DE4782931D25}
		{B5BDE4D0-BCA1-46AD-8EAA-69BCDB86F4AC} = {9A0F176C-AD5F-43F7-BE34-DE4782931D25}
		{23C4B831-3F24-49E9-8665-9614878D4D14} = {9A0F176C-AD5F-43F7-BE34-DE4782931D25}
		{A8ACD034-FA94-4EF6-AD8B-41704899CF0C} = {9A0F176C-AD5F-43F7-BE34-DE4782931D25}
		{15035472-6B28-41F7-A5F9-9E8F1BD93E79} = {9A0F176C-AD5F-43F7-BE34-DE4782931D25}
		{E9D78DCB-EE18-45E8-8733-914492637E4C} = {9A0F176C-AD5F-43F7-BE34-DE4782931D25}
		{EE49202F-A469-4122-B298-CF604D3BD0F9} = {9A0F176C-AD5F-43F7-BE34-DE4782931D25}
		{E388765F-6FAE-472E-AA71-146C9B7566CA} = {9A0F176C-AD5F-43F7-BE34-DE4782931D25}
		{C8074539-0CF5-4ECA-9A32-12B08B747B1D} = {9A0F176C-AD5F-43F7-BE34-DE4782931D25}
		{16736110-0D20-4931-B588-8BCDD0AA0167} = {9A0F176C-AD5F-43F7-BE34-DE4782931D25}
		{F4555AFC-C24A-4A7F-AA6C-25197A2272FC} = {9A0F176C-AD5F-43F7-BE34-DE4782931D25}
		{38A823B9-4ECF-4A04-915A-4650FE5B5CB4} = {9A0F176C-AD5F-43F7-BE34-DE4782931D25}
		{040EA171-38BF-4C38-9967-88A506AD4316} = {9A0F176C-AD5F-43F7-BE34-DE4782931D25}
		{ADDB85E2-1A88-4438-B53A-12481A28F2BE} = {9A0F176C-AD5F-43F7-BE34-DE4782931D25}
		{47D776A8-3958-4EA0-8516-70C1EFE178A3} = {9A0F176C-AD5F-43F7-BE34-DE4782931D25}
	EndGlobalSection
	GlobalSection(SolutionConfigurationPlatforms) = preSolution
		Debug|Any CPU = Debug|Any CPU
		Release|Any CPU = Release|Any CPU
	EndGlobalSection
	GlobalSection(ProjectConfigurationPlatforms) = postSolution
		{DE7DEFEC-2BDB-4E53-B513-4AB1E50730B5}.Debug|Any CPU.ActiveCfg = Debug|Any CPU
		{DE7DEFEC-2BDB-4E53-B513-4AB1E50730B5}.Debug|Any CPU.Build.0 = Debug|Any CPU
		{DE7DEFEC-2BDB-4E53-B513-4AB1E50730B5}.Release|Any CPU.ActiveCfg = Release|Any CPU
		{DE7DEFEC-2BDB-4E53-B513-4AB1E50730B5}.Release|Any CPU.Build.0 = Release|Any CPU
		{032C555A-28F3-4E53-89A5-82FD5E262AB2}.Debug|Any CPU.ActiveCfg = Debug|Any CPU
		{032C555A-28F3-4E53-89A5-82FD5E262AB2}.Debug|Any CPU.Build.0 = Debug|Any CPU
		{032C555A-28F3-4E53-89A5-82FD5E262AB2}.Release|Any CPU.ActiveCfg = Release|Any CPU
		{032C555A-28F3-4E53-89A5-82FD5E262AB2}.Release|Any CPU.Build.0 = Release|Any CPU
		{55436BF7-1280-4BBA-A517-B12F4A20C7D5}.Debug|Any CPU.ActiveCfg = Debug|Any CPU
		{55436BF7-1280-4BBA-A517-B12F4A20C7D5}.Debug|Any CPU.Build.0 = Debug|Any CPU
		{55436BF7-1280-4BBA-A517-B12F4A20C7D5}.Release|Any CPU.ActiveCfg = Release|Any CPU
		{55436BF7-1280-4BBA-A517-B12F4A20C7D5}.Release|Any CPU.Build.0 = Release|Any CPU
		{91AE6D78-7D04-4E85-B2F2-43B866D98519}.Debug|Any CPU.ActiveCfg = Debug|Any CPU
		{91AE6D78-7D04-4E85-B2F2-43B866D98519}.Debug|Any CPU.Build.0 = Debug|Any CPU
		{91AE6D78-7D04-4E85-B2F2-43B866D98519}.Release|Any CPU.ActiveCfg = Release|Any CPU
		{91AE6D78-7D04-4E85-B2F2-43B866D98519}.Release|Any CPU.Build.0 = Release|Any CPU
		{36EC0278-2C1E-4FFE-AF2B-3B2D67C924A2}.Debug|Any CPU.ActiveCfg = Debug|Any CPU
		{36EC0278-2C1E-4FFE-AF2B-3B2D67C924A2}.Debug|Any CPU.Build.0 = Debug|Any CPU
		{36EC0278-2C1E-4FFE-AF2B-3B2D67C924A2}.Release|Any CPU.ActiveCfg = Release|Any CPU
		{36EC0278-2C1E-4FFE-AF2B-3B2D67C924A2}.Release|Any CPU.Build.0 = Release|Any CPU
		{18804E71-4977-4AB0-A5C0-29034ABE050F}.Debug|Any CPU.ActiveCfg = Debug|Any CPU
		{18804E71-4977-4AB0-A5C0-29034ABE050F}.Debug|Any CPU.Build.0 = Debug|Any CPU
		{18804E71-4977-4AB0-A5C0-29034ABE050F}.Release|Any CPU.ActiveCfg = Release|Any CPU
		{18804E71-4977-4AB0-A5C0-29034ABE050F}.Release|Any CPU.Build.0 = Release|Any CPU
		{13D1FB3E-FDCD-427C-B2F5-B343E85A4CD4}.Debug|Any CPU.ActiveCfg = Debug|Any CPU
		{13D1FB3E-FDCD-427C-B2F5-B343E85A4CD4}.Debug|Any CPU.Build.0 = Debug|Any CPU
		{13D1FB3E-FDCD-427C-B2F5-B343E85A4CD4}.Release|Any CPU.ActiveCfg = Release|Any CPU
		{13D1FB3E-FDCD-427C-B2F5-B343E85A4CD4}.Release|Any CPU.Build.0 = Release|Any CPU
		{627272C7-FDCD-4430-80E7-FF0DC3CD9FAB}.Debug|Any CPU.ActiveCfg = Debug|Any CPU
		{627272C7-FDCD-4430-80E7-FF0DC3CD9FAB}.Debug|Any CPU.Build.0 = Debug|Any CPU
		{627272C7-FDCD-4430-80E7-FF0DC3CD9FAB}.Release|Any CPU.ActiveCfg = Release|Any CPU
		{627272C7-FDCD-4430-80E7-FF0DC3CD9FAB}.Release|Any CPU.Build.0 = Release|Any CPU
		{B2872A74-BDF1-4AE5-8C53-4A9574C87D44}.Debug|Any CPU.ActiveCfg = Debug|Any CPU
		{B2872A74-BDF1-4AE5-8C53-4A9574C87D44}.Debug|Any CPU.Build.0 = Debug|Any CPU
		{B2872A74-BDF1-4AE5-8C53-4A9574C87D44}.Release|Any CPU.ActiveCfg = Release|Any CPU
		{B2872A74-BDF1-4AE5-8C53-4A9574C87D44}.Release|Any CPU.Build.0 = Release|Any CPU
		{FF45A1BC-9FE5-4CAF-A949-2C4A14D45013}.Debug|Any CPU.ActiveCfg = Debug|Any CPU
		{FF45A1BC-9FE5-4CAF-A949-2C4A14D45013}.Debug|Any CPU.Build.0 = Debug|Any CPU
		{FF45A1BC-9FE5-4CAF-A949-2C4A14D45013}.Release|Any CPU.ActiveCfg = Release|Any CPU
		{FF45A1BC-9FE5-4CAF-A949-2C4A14D45013}.Release|Any CPU.Build.0 = Release|Any CPU
		{B75C8F43-A9A8-447E-8E2F-A841BCB5B788}.Debug|Any CPU.ActiveCfg = Debug|Any CPU
		{B75C8F43-A9A8-447E-8E2F-A841BCB5B788}.Debug|Any CPU.Build.0 = Debug|Any CPU
		{B75C8F43-A9A8-447E-8E2F-A841BCB5B788}.Release|Any CPU.ActiveCfg = Release|Any CPU
		{B75C8F43-A9A8-447E-8E2F-A841BCB5B788}.Release|Any CPU.Build.0 = Release|Any CPU
		{E62625E9-5175-48B4-8857-3B0EE804C944}.Debug|Any CPU.ActiveCfg = Debug|Any CPU
		{E62625E9-5175-48B4-8857-3B0EE804C944}.Debug|Any CPU.Build.0 = Debug|Any CPU
		{E62625E9-5175-48B4-8857-3B0EE804C944}.Release|Any CPU.ActiveCfg = Release|Any CPU
		{E62625E9-5175-48B4-8857-3B0EE804C944}.Release|Any CPU.Build.0 = Release|Any CPU
		{DDB83DA5-5312-413A-B109-E0AABD4B661E}.Debug|Any CPU.ActiveCfg = Debug|Any CPU
		{DDB83DA5-5312-413A-B109-E0AABD4B661E}.Debug|Any CPU.Build.0 = Debug|Any CPU
		{DDB83DA5-5312-413A-B109-E0AABD4B661E}.Release|Any CPU.ActiveCfg = Release|Any CPU
		{DDB83DA5-5312-413A-B109-E0AABD4B661E}.Release|Any CPU.Build.0 = Release|Any CPU
		{7C2BDB15-B1ED-4B10-AA1C-239225FDCE12}.Debug|Any CPU.ActiveCfg = Debug|Any CPU
		{7C2BDB15-B1ED-4B10-AA1C-239225FDCE12}.Debug|Any CPU.Build.0 = Debug|Any CPU
		{7C2BDB15-B1ED-4B10-AA1C-239225FDCE12}.Release|Any CPU.ActiveCfg = Release|Any CPU
		{7C2BDB15-B1ED-4B10-AA1C-239225FDCE12}.Release|Any CPU.Build.0 = Release|Any CPU
		{AADF5F39-F482-4E8F-AB8C-3BECDACB31A8}.Debug|Any CPU.ActiveCfg = Debug|Any CPU
		{AADF5F39-F482-4E8F-AB8C-3BECDACB31A8}.Debug|Any CPU.Build.0 = Debug|Any CPU
		{AADF5F39-F482-4E8F-AB8C-3BECDACB31A8}.Release|Any CPU.ActiveCfg = Release|Any CPU
		{AADF5F39-F482-4E8F-AB8C-3BECDACB31A8}.Release|Any CPU.Build.0 = Release|Any CPU
		{17C34F1A-865F-4908-BDA6-4C62F74CDF0E}.Debug|Any CPU.ActiveCfg = Debug|Any CPU
		{17C34F1A-865F-4908-BDA6-4C62F74CDF0E}.Debug|Any CPU.Build.0 = Debug|Any CPU
		{17C34F1A-865F-4908-BDA6-4C62F74CDF0E}.Release|Any CPU.ActiveCfg = Release|Any CPU
		{17C34F1A-865F-4908-BDA6-4C62F74CDF0E}.Release|Any CPU.Build.0 = Release|Any CPU
		{0CFE4656-B26A-448B-877D-534B2DAB4B1D}.Debug|Any CPU.ActiveCfg = Debug|Any CPU
		{0CFE4656-B26A-448B-877D-534B2DAB4B1D}.Debug|Any CPU.Build.0 = Debug|Any CPU
		{0CFE4656-B26A-448B-877D-534B2DAB4B1D}.Release|Any CPU.ActiveCfg = Release|Any CPU
		{0CFE4656-B26A-448B-877D-534B2DAB4B1D}.Release|Any CPU.Build.0 = Release|Any CPU
		{CD626273-242A-4035-B025-355F7F33EF0E}.Debug|Any CPU.ActiveCfg = Debug|Any CPU
		{CD626273-242A-4035-B025-355F7F33EF0E}.Debug|Any CPU.Build.0 = Debug|Any CPU
		{CD626273-242A-4035-B025-355F7F33EF0E}.Release|Any CPU.ActiveCfg = Release|Any CPU
		{CD626273-242A-4035-B025-355F7F33EF0E}.Release|Any CPU.Build.0 = Release|Any CPU
		{5A89EE97-5C77-4781-BB30-95E5784F9242}.Debug|Any CPU.ActiveCfg = Debug|Any CPU
		{5A89EE97-5C77-4781-BB30-95E5784F9242}.Debug|Any CPU.Build.0 = Debug|Any CPU
		{5A89EE97-5C77-4781-BB30-95E5784F9242}.Release|Any CPU.ActiveCfg = Release|Any CPU
		{5A89EE97-5C77-4781-BB30-95E5784F9242}.Release|Any CPU.Build.0 = Release|Any CPU
		{6BAFDD99-3566-484D-B535-84611BAE0A94}.Debug|Any CPU.ActiveCfg = Debug|Any CPU
		{6BAFDD99-3566-484D-B535-84611BAE0A94}.Debug|Any CPU.Build.0 = Debug|Any CPU
		{6BAFDD99-3566-484D-B535-84611BAE0A94}.Release|Any CPU.ActiveCfg = Release|Any CPU
		{6BAFDD99-3566-484D-B535-84611BAE0A94}.Release|Any CPU.Build.0 = Release|Any CPU
		{7BD46407-3FB3-4B84-B130-9309FF2A9F15}.Debug|Any CPU.ActiveCfg = Debug|Any CPU
		{7BD46407-3FB3-4B84-B130-9309FF2A9F15}.Debug|Any CPU.Build.0 = Debug|Any CPU
		{7BD46407-3FB3-4B84-B130-9309FF2A9F15}.Release|Any CPU.ActiveCfg = Release|Any CPU
		{7BD46407-3FB3-4B84-B130-9309FF2A9F15}.Release|Any CPU.Build.0 = Release|Any CPU
		{E73D05E3-4E0E-48C3-8BAE-5C08E6282246}.Debug|Any CPU.ActiveCfg = Debug|Any CPU
		{E73D05E3-4E0E-48C3-8BAE-5C08E6282246}.Debug|Any CPU.Build.0 = Debug|Any CPU
		{E73D05E3-4E0E-48C3-8BAE-5C08E6282246}.Release|Any CPU.ActiveCfg = Release|Any CPU
		{E73D05E3-4E0E-48C3-8BAE-5C08E6282246}.Release|Any CPU.Build.0 = Release|Any CPU
		{EE8EFC36-8DE3-4B0F-AB1C-733A5061877C}.Debug|Any CPU.ActiveCfg = Debug|Any CPU
		{EE8EFC36-8DE3-4B0F-AB1C-733A5061877C}.Debug|Any CPU.Build.0 = Debug|Any CPU
		{EE8EFC36-8DE3-4B0F-AB1C-733A5061877C}.Release|Any CPU.ActiveCfg = Release|Any CPU
		{EE8EFC36-8DE3-4B0F-AB1C-733A5061877C}.Release|Any CPU.Build.0 = Release|Any CPU
		{097B3C5A-15E8-43A8-A581-B9553C04EACC}.Debug|Any CPU.ActiveCfg = Debug|Any CPU
		{097B3C5A-15E8-43A8-A581-B9553C04EACC}.Debug|Any CPU.Build.0 = Debug|Any CPU
		{097B3C5A-15E8-43A8-A581-B9553C04EACC}.Release|Any CPU.ActiveCfg = Release|Any CPU
		{097B3C5A-15E8-43A8-A581-B9553C04EACC}.Release|Any CPU.Build.0 = Release|Any CPU
		{5367DBDB-CE39-4063-97E8-88ACF643C8E1}.Debug|Any CPU.ActiveCfg = Debug|Any CPU
		{5367DBDB-CE39-4063-97E8-88ACF643C8E1}.Debug|Any CPU.Build.0 = Debug|Any CPU
		{5367DBDB-CE39-4063-97E8-88ACF643C8E1}.Release|Any CPU.ActiveCfg = Release|Any CPU
		{5367DBDB-CE39-4063-97E8-88ACF643C8E1}.Release|Any CPU.Build.0 = Release|Any CPU
		{5D3156B3-5488-4716-9C2F-2029FD093E7A}.Debug|Any CPU.ActiveCfg = Debug|Any CPU
		{5D3156B3-5488-4716-9C2F-2029FD093E7A}.Debug|Any CPU.Build.0 = Debug|Any CPU
		{5D3156B3-5488-4716-9C2F-2029FD093E7A}.Release|Any CPU.ActiveCfg = Release|Any CPU
		{5D3156B3-5488-4716-9C2F-2029FD093E7A}.Release|Any CPU.Build.0 = Release|Any CPU
		{2C325192-DD2C-4213-9EEE-2D90B9BCB73A}.Debug|Any CPU.ActiveCfg = Debug|Any CPU
		{2C325192-DD2C-4213-9EEE-2D90B9BCB73A}.Debug|Any CPU.Build.0 = Debug|Any CPU
		{2C325192-DD2C-4213-9EEE-2D90B9BCB73A}.Release|Any CPU.ActiveCfg = Release|Any CPU
		{2C325192-DD2C-4213-9EEE-2D90B9BCB73A}.Release|Any CPU.Build.0 = Release|Any CPU
		{622B9DCB-041C-4C21-B427-1C1827F70C32}.Debug|Any CPU.ActiveCfg = Debug|Any CPU
		{622B9DCB-041C-4C21-B427-1C1827F70C32}.Debug|Any CPU.Build.0 = Debug|Any CPU
		{622B9DCB-041C-4C21-B427-1C1827F70C32}.Release|Any CPU.ActiveCfg = Release|Any CPU
		{622B9DCB-041C-4C21-B427-1C1827F70C32}.Release|Any CPU.Build.0 = Release|Any CPU
		{FE0B1B15-BDBA-4196-AA65-2C312AC6A6CB}.Debug|Any CPU.ActiveCfg = Debug|Any CPU
		{FE0B1B15-BDBA-4196-AA65-2C312AC6A6CB}.Debug|Any CPU.Build.0 = Debug|Any CPU
		{FE0B1B15-BDBA-4196-AA65-2C312AC6A6CB}.Release|Any CPU.ActiveCfg = Release|Any CPU
		{FE0B1B15-BDBA-4196-AA65-2C312AC6A6CB}.Release|Any CPU.Build.0 = Release|Any CPU
		{15DC2314-9D2B-44BB-9299-83A8C479E56B}.Debug|Any CPU.ActiveCfg = Debug|Any CPU
		{15DC2314-9D2B-44BB-9299-83A8C479E56B}.Debug|Any CPU.Build.0 = Debug|Any CPU
		{15DC2314-9D2B-44BB-9299-83A8C479E56B}.Release|Any CPU.ActiveCfg = Release|Any CPU
		{15DC2314-9D2B-44BB-9299-83A8C479E56B}.Release|Any CPU.Build.0 = Release|Any CPU
		{1210C15B-AB67-4440-9182-A5DFE0CB9463}.Debug|Any CPU.ActiveCfg = Debug|Any CPU
		{1210C15B-AB67-4440-9182-A5DFE0CB9463}.Debug|Any CPU.Build.0 = Debug|Any CPU
		{1210C15B-AB67-4440-9182-A5DFE0CB9463}.Release|Any CPU.ActiveCfg = Release|Any CPU
		{1210C15B-AB67-4440-9182-A5DFE0CB9463}.Release|Any CPU.Build.0 = Release|Any CPU
		{5A2A865D-B7E8-4323-907E-53AF387B948C}.Debug|Any CPU.ActiveCfg = Debug|Any CPU
		{5A2A865D-B7E8-4323-907E-53AF387B948C}.Debug|Any CPU.Build.0 = Debug|Any CPU
		{5A2A865D-B7E8-4323-907E-53AF387B948C}.Release|Any CPU.ActiveCfg = Release|Any CPU
		{5A2A865D-B7E8-4323-907E-53AF387B948C}.Release|Any CPU.Build.0 = Release|Any CPU
		{C0AE3075-5C3E-4205-9348-1F11E219FB05}.Debug|Any CPU.ActiveCfg = Debug|Any CPU
		{C0AE3075-5C3E-4205-9348-1F11E219FB05}.Debug|Any CPU.Build.0 = Debug|Any CPU
		{C0AE3075-5C3E-4205-9348-1F11E219FB05}.Release|Any CPU.ActiveCfg = Release|Any CPU
		{C0AE3075-5C3E-4205-9348-1F11E219FB05}.Release|Any CPU.Build.0 = Release|Any CPU
		{31C96995-142B-4EA3-984E-A844333C5276}.Debug|Any CPU.ActiveCfg = Debug|Any CPU
		{31C96995-142B-4EA3-984E-A844333C5276}.Debug|Any CPU.Build.0 = Debug|Any CPU
		{31C96995-142B-4EA3-984E-A844333C5276}.Release|Any CPU.ActiveCfg = Release|Any CPU
		{31C96995-142B-4EA3-984E-A844333C5276}.Release|Any CPU.Build.0 = Release|Any CPU
		{48D9E068-59C5-4A51-A76D-0F8144582B47}.Debug|Any CPU.ActiveCfg = Debug|Any CPU
		{48D9E068-59C5-4A51-A76D-0F8144582B47}.Debug|Any CPU.Build.0 = Debug|Any CPU
		{48D9E068-59C5-4A51-A76D-0F8144582B47}.Release|Any CPU.ActiveCfg = Release|Any CPU
		{48D9E068-59C5-4A51-A76D-0F8144582B47}.Release|Any CPU.Build.0 = Release|Any CPU
		{3E645AA4-794D-4A2E-BF43-E5D705EF4063}.Debug|Any CPU.ActiveCfg = Debug|Any CPU
		{3E645AA4-794D-4A2E-BF43-E5D705EF4063}.Debug|Any CPU.Build.0 = Debug|Any CPU
		{3E645AA4-794D-4A2E-BF43-E5D705EF4063}.Release|Any CPU.ActiveCfg = Release|Any CPU
		{3E645AA4-794D-4A2E-BF43-E5D705EF4063}.Release|Any CPU.Build.0 = Release|Any CPU
		{A79B3181-682A-4733-B76F-445D92F856EE}.Debug|Any CPU.ActiveCfg = Debug|Any CPU
		{A79B3181-682A-4733-B76F-445D92F856EE}.Debug|Any CPU.Build.0 = Debug|Any CPU
		{A79B3181-682A-4733-B76F-445D92F856EE}.Release|Any CPU.ActiveCfg = Release|Any CPU
		{A79B3181-682A-4733-B76F-445D92F856EE}.Release|Any CPU.Build.0 = Release|Any CPU
		{ED634B21-1E69-43A5-90E6-0398F6E407C4}.Debug|Any CPU.ActiveCfg = Debug|Any CPU
		{ED634B21-1E69-43A5-90E6-0398F6E407C4}.Debug|Any CPU.Build.0 = Debug|Any CPU
		{ED634B21-1E69-43A5-90E6-0398F6E407C4}.Release|Any CPU.ActiveCfg = Release|Any CPU
		{ED634B21-1E69-43A5-90E6-0398F6E407C4}.Release|Any CPU.Build.0 = Release|Any CPU
		{7B5246F2-DD3A-4A9D-A4CB-851CAAF65237}.Debug|Any CPU.ActiveCfg = Debug|Any CPU
		{7B5246F2-DD3A-4A9D-A4CB-851CAAF65237}.Debug|Any CPU.Build.0 = Debug|Any CPU
		{7B5246F2-DD3A-4A9D-A4CB-851CAAF65237}.Release|Any CPU.ActiveCfg = Release|Any CPU
		{7B5246F2-DD3A-4A9D-A4CB-851CAAF65237}.Release|Any CPU.Build.0 = Release|Any CPU
		{A7C16075-777C-46FD-AF07-60284DDDCBE4}.Debug|Any CPU.ActiveCfg = Debug|Any CPU
		{A7C16075-777C-46FD-AF07-60284DDDCBE4}.Debug|Any CPU.Build.0 = Debug|Any CPU
		{A7C16075-777C-46FD-AF07-60284DDDCBE4}.Release|Any CPU.ActiveCfg = Release|Any CPU
		{A7C16075-777C-46FD-AF07-60284DDDCBE4}.Release|Any CPU.Build.0 = Release|Any CPU
		{B75FA29B-23DC-4CF8-9B8C-AADA253F41DC}.Debug|Any CPU.ActiveCfg = Debug|Any CPU
		{B75FA29B-23DC-4CF8-9B8C-AADA253F41DC}.Debug|Any CPU.Build.0 = Debug|Any CPU
		{B75FA29B-23DC-4CF8-9B8C-AADA253F41DC}.Release|Any CPU.ActiveCfg = Release|Any CPU
		{B75FA29B-23DC-4CF8-9B8C-AADA253F41DC}.Release|Any CPU.Build.0 = Release|Any CPU
		{66CA62C7-A6B6-43D1-965C-1F021B137C60}.Debug|Any CPU.ActiveCfg = Debug|Any CPU
		{66CA62C7-A6B6-43D1-965C-1F021B137C60}.Debug|Any CPU.Build.0 = Debug|Any CPU
		{66CA62C7-A6B6-43D1-965C-1F021B137C60}.Release|Any CPU.ActiveCfg = Release|Any CPU
		{66CA62C7-A6B6-43D1-965C-1F021B137C60}.Release|Any CPU.Build.0 = Release|Any CPU
		{D2ED3561-505F-4217-B731-A8E78ABDFBEB}.Debug|Any CPU.ActiveCfg = Debug|Any CPU
		{D2ED3561-505F-4217-B731-A8E78ABDFBEB}.Debug|Any CPU.Build.0 = Debug|Any CPU
		{D2ED3561-505F-4217-B731-A8E78ABDFBEB}.Release|Any CPU.ActiveCfg = Release|Any CPU
		{D2ED3561-505F-4217-B731-A8E78ABDFBEB}.Release|Any CPU.Build.0 = Release|Any CPU
		{EDF175C6-F52F-4745-8A62-57F7BEBA5084}.Debug|Any CPU.ActiveCfg = Debug|Any CPU
		{EDF175C6-F52F-4745-8A62-57F7BEBA5084}.Debug|Any CPU.Build.0 = Debug|Any CPU
		{EDF175C6-F52F-4745-8A62-57F7BEBA5084}.Release|Any CPU.ActiveCfg = Release|Any CPU
		{EDF175C6-F52F-4745-8A62-57F7BEBA5084}.Release|Any CPU.Build.0 = Release|Any CPU
		{5D76360D-A23D-4202-8B94-B69318704B95}.Debug|Any CPU.ActiveCfg = Debug|Any CPU
		{5D76360D-A23D-4202-8B94-B69318704B95}.Debug|Any CPU.Build.0 = Debug|Any CPU
		{5D76360D-A23D-4202-8B94-B69318704B95}.Release|Any CPU.ActiveCfg = Release|Any CPU
		{5D76360D-A23D-4202-8B94-B69318704B95}.Release|Any CPU.Build.0 = Release|Any CPU
		{611DA632-6672-45BB-ADA9-D9A316112044}.Debug|Any CPU.ActiveCfg = Debug|Any CPU
		{611DA632-6672-45BB-ADA9-D9A316112044}.Debug|Any CPU.Build.0 = Debug|Any CPU
		{611DA632-6672-45BB-ADA9-D9A316112044}.Release|Any CPU.ActiveCfg = Release|Any CPU
		{611DA632-6672-45BB-ADA9-D9A316112044}.Release|Any CPU.Build.0 = Release|Any CPU
		{718EB74A-CE38-43A8-B713-A22ED827E2B4}.Debug|Any CPU.ActiveCfg = Debug|Any CPU
		{718EB74A-CE38-43A8-B713-A22ED827E2B4}.Debug|Any CPU.Build.0 = Debug|Any CPU
		{718EB74A-CE38-43A8-B713-A22ED827E2B4}.Release|Any CPU.ActiveCfg = Release|Any CPU
		{718EB74A-CE38-43A8-B713-A22ED827E2B4}.Release|Any CPU.Build.0 = Release|Any CPU
		{B292152C-454A-42AA-B4E6-80D97EEB75C9}.Debug|Any CPU.ActiveCfg = Debug|Any CPU
		{B292152C-454A-42AA-B4E6-80D97EEB75C9}.Debug|Any CPU.Build.0 = Debug|Any CPU
		{B292152C-454A-42AA-B4E6-80D97EEB75C9}.Release|Any CPU.ActiveCfg = Release|Any CPU
		{B292152C-454A-42AA-B4E6-80D97EEB75C9}.Release|Any CPU.Build.0 = Release|Any CPU
		{B5BDE4D0-BCA1-46AD-8EAA-69BCDB86F4AC}.Debug|Any CPU.ActiveCfg = Debug|Any CPU
		{B5BDE4D0-BCA1-46AD-8EAA-69BCDB86F4AC}.Debug|Any CPU.Build.0 = Debug|Any CPU
		{B5BDE4D0-BCA1-46AD-8EAA-69BCDB86F4AC}.Release|Any CPU.ActiveCfg = Release|Any CPU
		{B5BDE4D0-BCA1-46AD-8EAA-69BCDB86F4AC}.Release|Any CPU.Build.0 = Release|Any CPU
		{23C4B831-3F24-49E9-8665-9614878D4D14}.Debug|Any CPU.ActiveCfg = Debug|Any CPU
		{23C4B831-3F24-49E9-8665-9614878D4D14}.Debug|Any CPU.Build.0 = Debug|Any CPU
		{23C4B831-3F24-49E9-8665-9614878D4D14}.Release|Any CPU.ActiveCfg = Release|Any CPU
		{23C4B831-3F24-49E9-8665-9614878D4D14}.Release|Any CPU.Build.0 = Release|Any CPU
		{A8ACD034-FA94-4EF6-AD8B-41704899CF0C}.Debug|Any CPU.ActiveCfg = Debug|Any CPU
		{A8ACD034-FA94-4EF6-AD8B-41704899CF0C}.Debug|Any CPU.Build.0 = Debug|Any CPU
		{A8ACD034-FA94-4EF6-AD8B-41704899CF0C}.Release|Any CPU.ActiveCfg = Release|Any CPU
		{A8ACD034-FA94-4EF6-AD8B-41704899CF0C}.Release|Any CPU.Build.0 = Release|Any CPU
		{15035472-6B28-41F7-A5F9-9E8F1BD93E79}.Debug|Any CPU.ActiveCfg = Debug|Any CPU
		{15035472-6B28-41F7-A5F9-9E8F1BD93E79}.Debug|Any CPU.Build.0 = Debug|Any CPU
		{15035472-6B28-41F7-A5F9-9E8F1BD93E79}.Release|Any CPU.ActiveCfg = Release|Any CPU
		{15035472-6B28-41F7-A5F9-9E8F1BD93E79}.Release|Any CPU.Build.0 = Release|Any CPU
		{E9D78DCB-EE18-45E8-8733-914492637E4C}.Debug|Any CPU.ActiveCfg = Debug|Any CPU
		{E9D78DCB-EE18-45E8-8733-914492637E4C}.Debug|Any CPU.Build.0 = Debug|Any CPU
		{E9D78DCB-EE18-45E8-8733-914492637E4C}.Release|Any CPU.ActiveCfg = Release|Any CPU
		{E9D78DCB-EE18-45E8-8733-914492637E4C}.Release|Any CPU.Build.0 = Release|Any CPU
		{EE49202F-A469-4122-B298-CF604D3BD0F9}.Debug|Any CPU.ActiveCfg = Debug|Any CPU
		{EE49202F-A469-4122-B298-CF604D3BD0F9}.Debug|Any CPU.Build.0 = Debug|Any CPU
		{EE49202F-A469-4122-B298-CF604D3BD0F9}.Release|Any CPU.ActiveCfg = Release|Any CPU
		{EE49202F-A469-4122-B298-CF604D3BD0F9}.Release|Any CPU.Build.0 = Release|Any CPU
		{E388765F-6FAE-472E-AA71-146C9B7566CA}.Debug|Any CPU.ActiveCfg = Debug|Any CPU
		{E388765F-6FAE-472E-AA71-146C9B7566CA}.Debug|Any CPU.Build.0 = Debug|Any CPU
		{E388765F-6FAE-472E-AA71-146C9B7566CA}.Release|Any CPU.ActiveCfg = Release|Any CPU
		{E388765F-6FAE-472E-AA71-146C9B7566CA}.Release|Any CPU.Build.0 = Release|Any CPU
		{C8074539-0CF5-4ECA-9A32-12B08B747B1D}.Debug|Any CPU.ActiveCfg = Debug|Any CPU
		{C8074539-0CF5-4ECA-9A32-12B08B747B1D}.Debug|Any CPU.Build.0 = Debug|Any CPU
		{C8074539-0CF5-4ECA-9A32-12B08B747B1D}.Release|Any CPU.ActiveCfg = Release|Any CPU
		{C8074539-0CF5-4ECA-9A32-12B08B747B1D}.Release|Any CPU.Build.0 = Release|Any CPU
		{16736110-0D20-4931-B588-8BCDD0AA0167}.Debug|Any CPU.ActiveCfg = Debug|Any CPU
		{16736110-0D20-4931-B588-8BCDD0AA0167}.Debug|Any CPU.Build.0 = Debug|Any CPU
		{16736110-0D20-4931-B588-8BCDD0AA0167}.Release|Any CPU.ActiveCfg = Release|Any CPU
		{16736110-0D20-4931-B588-8BCDD0AA0167}.Release|Any CPU.Build.0 = Release|Any CPU
		{F4555AFC-C24A-4A7F-AA6C-25197A2272FC}.Debug|Any CPU.ActiveCfg = Debug|Any CPU
		{F4555AFC-C24A-4A7F-AA6C-25197A2272FC}.Debug|Any CPU.Build.0 = Debug|Any CPU
		{F4555AFC-C24A-4A7F-AA6C-25197A2272FC}.Release|Any CPU.ActiveCfg = Release|Any CPU
		{F4555AFC-C24A-4A7F-AA6C-25197A2272FC}.Release|Any CPU.Build.0 = Release|Any CPU
		{38A823B9-4ECF-4A04-915A-4650FE5B5CB4}.Debug|Any CPU.ActiveCfg = Debug|Any CPU
		{38A823B9-4ECF-4A04-915A-4650FE5B5CB4}.Debug|Any CPU.Build.0 = Debug|Any CPU
		{38A823B9-4ECF-4A04-915A-4650FE5B5CB4}.Release|Any CPU.ActiveCfg = Release|Any CPU
		{38A823B9-4ECF-4A04-915A-4650FE5B5CB4}.Release|Any CPU.Build.0 = Release|Any CPU
		{040EA171-38BF-4C38-9967-88A506AD4316}.Debug|Any CPU.ActiveCfg = Debug|Any CPU
		{040EA171-38BF-4C38-9967-88A506AD4316}.Debug|Any CPU.Build.0 = Debug|Any CPU
		{040EA171-38BF-4C38-9967-88A506AD4316}.Release|Any CPU.ActiveCfg = Release|Any CPU
		{040EA171-38BF-4C38-9967-88A506AD4316}.Release|Any CPU.Build.0 = Release|Any CPU
		{ADDB85E2-1A88-4438-B53A-12481A28F2BE}.Debug|Any CPU.ActiveCfg = Debug|Any CPU
		{ADDB85E2-1A88-4438-B53A-12481A28F2BE}.Debug|Any CPU.Build.0 = Debug|Any CPU
		{ADDB85E2-1A88-4438-B53A-12481A28F2BE}.Release|Any CPU.ActiveCfg = Release|Any CPU
		{ADDB85E2-1A88-4438-B53A-12481A28F2BE}.Release|Any CPU.Build.0 = Release|Any CPU
		{47D776A8-3958-4EA0-8516-70C1EFE178A3}.Debug|Any CPU.ActiveCfg = Debug|Any CPU
		{47D776A8-3958-4EA0-8516-70C1EFE178A3}.Debug|Any CPU.Build.0 = Debug|Any CPU
		{47D776A8-3958-4EA0-8516-70C1EFE178A3}.Release|Any CPU.ActiveCfg = Release|Any CPU
		{47D776A8-3958-4EA0-8516-70C1EFE178A3}.Release|Any CPU.Build.0 = Release|Any CPU
		{148F6B0A-0E14-4870-A4D6-FC0DEC966168}.Debug|Any CPU.ActiveCfg = Debug|Any CPU
		{148F6B0A-0E14-4870-A4D6-FC0DEC966168}.Debug|Any CPU.Build.0 = Debug|Any CPU
		{148F6B0A-0E14-4870-A4D6-FC0DEC966168}.Release|Any CPU.ActiveCfg = Release|Any CPU
		{148F6B0A-0E14-4870-A4D6-FC0DEC966168}.Release|Any CPU.Build.0 = Release|Any CPU
	EndGlobalSection
	GlobalSection(SolutionProperties) = preSolution
		HideSolutionNode = FALSE
	EndGlobalSection
	GlobalSection(ExtensibilityGlobals) = postSolution
		SolutionGuid = {125EFAF1-AEBC-4FA8-9793-81EF70DB7F18}
	EndGlobalSection
EndGlobal
